
Microsoft Visual Studio Solution File, Format Version 12.00
# Visual Studio Version 17
VisualStudioVersion = 17.5.002.0
MinimumVisualStudioVersion = 10.0.40219.1
Project("{9A19103F-16F7-4668-BE54-9A1E7A4F7556}") = "TodoApi", "TodoApi.csproj", "{49E4C569-172B-438B-8B42-3B203F01C2FD}"
EndProject
Global
	GlobalSection(SolutionConfigurationPlatforms) = preSolution
		Debug|Any CPU = Debug|Any CPU
		Release|Any CPU = Release|Any CPU
	EndGlobalSection
	GlobalSection(ProjectConfigurationPlatforms) = postSolution
		{49E4C569-172B-438B-8B42-3B203F01C2FD}.Debug|Any CPU.ActiveCfg = Debug|Any CPU
		{49E4C569-172B-438B-8B42-3B203F01C2FD}.Debug|Any CPU.Build.0 = Debug|Any CPU
		{49E4C569-172B-438B-8B42-3B203F01C2FD}.Release|Any CPU.ActiveCfg = Release|Any CPU
		{49E4C569-172B-438B-8B42-3B203F01C2FD}.Release|Any CPU.Build.0 = Release|Any CPU
	EndGlobalSection
	GlobalSection(SolutionProperties) = preSolution
		HideSolutionNode = FALSE
	EndGlobalSection
	GlobalSection(ExtensibilityGlobals) = postSolution
		SolutionGuid = {DE753B87-7161-41A4-9310-0549E7C3A022}
	EndGlobalSection
EndGlobal
